
Microsoft Visual Studio Solution File, Format Version 12.00
# Visual Studio Version 16
VisualStudioVersion = 16.0.31729.503
MinimumVisualStudioVersion = 10.0.40219.1
Project("{8BC9CEB8-8B4A-11D0-8D11-00A0C91BC942}") = "_1", "_w\_w.vcxproj", "{C820075C-B884-4931-B381-CC3927247182}"
EndProject
Project("{8BC9CEB8-8B4A-11D0-8D11-00A0C91BC942}") = "_2", "_2\_2.vcxproj", "{6A85FD78-467C-44C2-99CD-1837511211E2}"
EndProject
Project("{8BC9CEB8-8B4A-11D0-8D11-00A0C91BC942}") = "_3", "_3\_3.vcxproj", "{A96303A9-E374-4B74-BC73-D070A829EA78}"
EndProject
Project("{8BC9CEB8-8B4A-11D0-8D11-00A0C91BC942}") = "_4", "_4\_4.vcxproj", "{CCD22D16-1248-445E-B43A-FC106DA6CB7E}"
EndProject
Project("{8BC9CEB8-8B4A-11D0-8D11-00A0C91BC942}") = "_5", "_5\_5.vcxproj", "{6AF5D056-5A82-437A-BC00-122642E86FA8}"
EndProject
Project("{8BC9CEB8-8B4A-11D0-8D11-00A0C91BC942}") = "_6", "_6\_6.vcxproj", "{98BC8C9A-C967-47E1-A492-384D8F2E0257}"
EndProject
Project("{8BC9CEB8-8B4A-11D0-8D11-00A0C91BC942}") = "_7_11", "_7_11\_7_11.vcxproj", "{CC34E1E0-DF9E-4B63-9E17-657F48C6E2A1}"
EndProject
Project("{8BC9CEB8-8B4A-11D0-8D11-00A0C91BC942}") = "_8", "_8\_8.vcxproj", "{5DFDB2F3-3A74-4D3D-8D19-2742F705EA5E}"
EndProject
Global
	GlobalSection(SolutionConfigurationPlatforms) = preSolution
		Debug|x64 = Debug|x64
		Debug|x86 = Debug|x86
		Release|x64 = Release|x64
		Release|x86 = Release|x86
	EndGlobalSection
	GlobalSection(ProjectConfigurationPlatforms) = postSolution
		{C820075C-B884-4931-B381-CC3927247182}.Debug|x64.ActiveCfg = Debug|x64
		{C820075C-B884-4931-B381-CC3927247182}.Debug|x64.Build.0 = Debug|x64
		{C820075C-B884-4931-B381-CC3927247182}.Debug|x86.ActiveCfg = Debug|Win32
		{C820075C-B884-4931-B381-CC3927247182}.Debug|x86.Build.0 = Debug|Win32
		{C820075C-B884-4931-B381-CC3927247182}.Release|x64.ActiveCfg = Release|x64
		{C820075C-B884-4931-B381-CC3927247182}.Release|x64.Build.0 = Release|x64
		{C820075C-B884-4931-B381-CC3927247182}.Release|x86.ActiveCfg = Release|Win32
		{C820075C-B884-4931-B381-CC3927247182}.Release|x86.Build.0 = Release|Win32
		{6A85FD78-467C-44C2-99CD-1837511211E2}.Debug|x64.ActiveCfg = Debug|x64
		{6A85FD78-467C-44C2-99CD-1837511211E2}.Debug|x64.Build.0 = Debug|x64
		{6A85FD78-467C-44C2-99CD-1837511211E2}.Debug|x86.ActiveCfg = Debug|Win32
		{6A85FD78-467C-44C2-99CD-1837511211E2}.Debug|x86.Build.0 = Debug|Win32
		{6A85FD78-467C-44C2-99CD-1837511211E2}.Release|x64.ActiveCfg = Release|x64
		{6A85FD78-467C-44C2-99CD-1837511211E2}.Release|x64.Build.0 = Release|x64
		{6A85FD78-467C-44C2-99CD-1837511211E2}.Release|x86.ActiveCfg = Release|Win32
		{6A85FD78-467C-44C2-99CD-1837511211E2}.Release|x86.Build.0 = Release|Win32
		{A96303A9-E374-4B74-BC73-D070A829EA78}.Debug|x64.ActiveCfg = Debug|x64
		{A96303A9-E374-4B74-BC73-D070A829EA78}.Debug|x64.Build.0 = Debug|x64
		{A96303A9-E374-4B74-BC73-D070A829EA78}.Debug|x86.ActiveCfg = Debug|Win32
		{A96303A9-E374-4B74-BC73-D070A829EA78}.Debug|x86.Build.0 = Debug|Win32
		{A96303A9-E374-4B74-BC73-D070A829EA78}.Release|x64.ActiveCfg = Release|x64
		{A96303A9-E374-4B74-BC73-D070A829EA78}.Release|x64.Build.0 = Release|x64
		{A96303A9-E374-4B74-BC73-D070A829EA78}.Release|x86.ActiveCfg = Release|Win32
		{A96303A9-E374-4B74-BC73-D070A829EA78}.Release|x86.Build.0 = Release|Win32
		{CCD22D16-1248-445E-B43A-FC106DA6CB7E}.Debug|x64.ActiveCfg = Debug|x64
		{CCD22D16-1248-445E-B43A-FC106DA6CB7E}.Debug|x64.Build.0 = Debug|x64
		{CCD22D16-1248-445E-B43A-FC106DA6CB7E}.Debug|x86.ActiveCfg = Debug|Win32
		{CCD22D16-1248-445E-B43A-FC106DA6CB7E}.Debug|x86.Build.0 = Debug|Win32
		{CCD22D16-1248-445E-B43A-FC106DA6CB7E}.Release|x64.ActiveCfg = Release|x64
		{CCD22D16-1248-445E-B43A-FC106DA6CB7E}.Release|x64.Build.0 = Release|x64
		{CCD22D16-1248-445E-B43A-FC106DA6CB7E}.Release|x86.ActiveCfg = Release|Win32
		{CCD22D16-1248-445E-B43A-FC106DA6CB7E}.Release|x86.Build.0 = Release|Win32
		{6AF5D056-5A82-437A-BC00-122642E86FA8}.Debug|x64.ActiveCfg = Debug|x64
		{6AF5D056-5A82-437A-BC00-122642E86FA8}.Debug|x64.Build.0 = Debug|x64
		{6AF5D056-5A82-437A-BC00-122642E86FA8}.Debug|x86.ActiveCfg = Debug|Win32
		{6AF5D056-5A82-437A-BC00-122642E86FA8}.Debug|x86.Build.0 = Debug|Win32
		{6AF5D056-5A82-437A-BC00-122642E86FA8}.Release|x64.ActiveCfg = Release|x64
		{6AF5D056-5A82-437A-BC00-122642E86FA8}.Release|x64.Build.0 = Release|x64
		{6AF5D056-5A82-437A-BC00-122642E86FA8}.Release|x86.ActiveCfg = Release|Win32
		{6AF5D056-5A82-437A-BC00-122642E86FA8}.Release|x86.Build.0 = Release|Win32
		{98BC8C9A-C967-47E1-A492-384D8F2E0257}.Debug|x64.ActiveCfg = Debug|x64
		{98BC8C9A-C967-47E1-A492-384D8F2E0257}.Debug|x64.Build.0 = Debug|x64
		{98BC8C9A-C967-47E1-A492-384D8F2E0257}.Debug|x86.ActiveCfg = Debug|Win32
		{98BC8C9A-C967-47E1-A492-384D8F2E0257}.Debug|x86.Build.0 = Debug|Win32
		{98BC8C9A-C967-47E1-A492-384D8F2E0257}.Release|x64.ActiveCfg = Release|x64
		{98BC8C9A-C967-47E1-A492-384D8F2E0257}.Release|x64.Build.0 = Release|x64
		{98BC8C9A-C967-47E1-A492-384D8F2E0257}.Release|x86.ActiveCfg = Release|Win32
		{98BC8C9A-C967-47E1-A492-384D8F2E0257}.Release|x86.Build.0 = Release|Win32
		{CC34E1E0-DF9E-4B63-9E17-657F48C6E2A1}.Debug|x64.ActiveCfg = Debug|x64
		{CC34E1E0-DF9E-4B63-9E17-657F48C6E2A1}.Debug|x64.Build.0 = Debug|x64
		{CC34E1E0-DF9E-4B63-9E17-657F48C6E2A1}.Debug|x86.ActiveCfg = Debug|Win32
		{CC34E1E0-DF9E-4B63-9E17-657F48C6E2A1}.Debug|x86.Build.0 = Debug|Win32
		{CC34E1E0-DF9E-4B63-9E17-657F48C6E2A1}.Release|x64.ActiveCfg = Release|x64
		{CC34E1E0-DF9E-4B63-9E17-657F48C6E2A1}.Release|x64.Build.0 = Release|x64
		{CC34E1E0-DF9E-4B63-9E17-657F48C6E2A1}.Release|x86.ActiveCfg = Release|Win32
		{CC34E1E0-DF9E-4B63-9E17-657F48C6E2A1}.Release|x86.Build.0 = Release|Win32
		{5DFDB2F3-3A74-4D3D-8D19-2742F705EA5E}.Debug|x64.ActiveCfg = Debug|x64
		{5DFDB2F3-3A74-4D3D-8D19-2742F705EA5E}.Debug|x64.Build.0 = Debug|x64
		{5DFDB2F3-3A74-4D3D-8D19-2742F705EA5E}.Debug|x86.ActiveCfg = Debug|Win32
		{5DFDB2F3-3A74-4D3D-8D19-2742F705EA5E}.Debug|x86.Build.0 = Debug|Win32
		{5DFDB2F3-3A74-4D3D-8D19-2742F705EA5E}.Release|x64.ActiveCfg = Release|x64
		{5DFDB2F3-3A74-4D3D-8D19-2742F705EA5E}.Release|x64.Build.0 = Release|x64
		{5DFDB2F3-3A74-4D3D-8D19-2742F705EA5E}.Release|x86.ActiveCfg = Release|Win32
		{5DFDB2F3-3A74-4D3D-8D19-2742F705EA5E}.Release|x86.Build.0 = Release|Win32
	EndGlobalSection
	GlobalSection(SolutionProperties) = preSolution
		HideSolutionNode = FALSE
	EndGlobalSection
	GlobalSection(ExtensibilityGlobals) = postSolution
		SolutionGuid = {85490978-9A9D-4AF7-960B-55E7621F6C5C}
	EndGlobalSection
EndGlobal
